// !$*UTF8*$!
{
	archiveVersion = 1;
	classes = {
	};
	objectVersion = 48;
	objects = {

/* Begin PBXBuildFile section */
		1E7AD6522039A0CC00A23B89 /* CategoryViewController.swift in Sources */ = {isa = PBXBuildFile; fileRef = 1E7AD6512039A0CC00A23B89 /* CategoryViewController.swift */; };
		1E8923A1203D762200D7CBD8 /* Category.swift in Sources */ = {isa = PBXBuildFile; fileRef = 1E8923A0203D762200D7CBD8 /* Category.swift */; };
		1E8923A3203D764000D7CBD8 /* Item.swift in Sources */ = {isa = PBXBuildFile; fileRef = 1E8923A2203D764000D7CBD8 /* Item.swift */; };
		1EC63C3520306B4300514D0E /* AppDelegate.swift in Sources */ = {isa = PBXBuildFile; fileRef = 1EC63C3420306B4300514D0E /* AppDelegate.swift */; };
		1EC63C3720306B4300514D0E /* ToDoListViewController.swift in Sources */ = {isa = PBXBuildFile; fileRef = 1EC63C3620306B4300514D0E /* ToDoListViewController.swift */; };
		1EC63C3A20306B4300514D0E /* Main.storyboard in Resources */ = {isa = PBXBuildFile; fileRef = 1EC63C3820306B4300514D0E /* Main.storyboard */; };
		1EC63C3C20306B4300514D0E /* Assets.xcassets in Resources */ = {isa = PBXBuildFile; fileRef = 1EC63C3B20306B4300514D0E /* Assets.xcassets */; };
		1EC63C3F20306B4300514D0E /* LaunchScreen.storyboard in Resources */ = {isa = PBXBuildFile; fileRef = 1EC63C3D20306B4300514D0E /* LaunchScreen.storyboard */; };
		8D60F14C27AD99EDFC7A9093 /* Pods_Todoey.framework in Frameworks */ = {isa = PBXBuildFile; fileRef = 10DF73A755C72B2C6C161DCF /* Pods_Todoey.framework */; };
/* End PBXBuildFile section */

/* Begin PBXFileReference section */
		10DF73A755C72B2C6C161DCF /* Pods_Todoey.framework */ = {isa = PBXFileReference; explicitFileType = wrapper.framework; includeInIndex = 0; path = Pods_Todoey.framework; sourceTree = BUILT_PRODUCTS_DIR; };
		1E7AD6512039A0CC00A23B89 /* CategoryViewController.swift */ = {isa = PBXFileReference; lastKnownFileType = sourcecode.swift; path = CategoryViewController.swift; sourceTree = "<group>"; };
		1E8923A0203D762200D7CBD8 /* Category.swift */ = {isa = PBXFileReference; lastKnownFileType = sourcecode.swift; path = Category.swift; sourceTree = "<group>"; };
		1E8923A2203D764000D7CBD8 /* Item.swift */ = {isa = PBXFileReference; lastKnownFileType = sourcecode.swift; path = Item.swift; sourceTree = "<group>"; };
		1EC63C3120306B4300514D0E /* Todoey.app */ = {isa = PBXFileReference; explicitFileType = wrapper.application; includeInIndex = 0; path = Todoey.app; sourceTree = BUILT_PRODUCTS_DIR; };
		1EC63C3420306B4300514D0E /* AppDelegate.swift */ = {isa = PBXFileReference; lastKnownFileType = sourcecode.swift; path = AppDelegate.swift; sourceTree = "<group>"; };
		1EC63C3620306B4300514D0E /* ToDoListViewController.swift */ = {isa = PBXFileReference; lastKnownFileType = sourcecode.swift; path = ToDoListViewController.swift; sourceTree = "<group>"; };
		1EC63C3920306B4300514D0E /* Base */ = {isa = PBXFileReference; lastKnownFileType = file.storyboard; name = Base; path = Base.lproj/Main.storyboard; sourceTree = "<group>"; };
		1EC63C3B20306B4300514D0E /* Assets.xcassets */ = {isa = PBXFileReference; lastKnownFileType = folder.assetcatalog; path = Assets.xcassets; sourceTree = "<group>"; };
		1EC63C3E20306B4300514D0E /* Base */ = {isa = PBXFileReference; lastKnownFileType = file.storyboard; name = Base; path = Base.lproj/LaunchScreen.storyboard; sourceTree = "<group>"; };
		1EC63C4020306B4300514D0E /* Info.plist */ = {isa = PBXFileReference; lastKnownFileType = text.plist.xml; path = Info.plist; sourceTree = "<group>"; };
		638C1FAF3C0D1D2C6F895D52 /* Pods-Todoey.debug.xcconfig */ = {isa = PBXFileReference; includeInIndex = 1; lastKnownFileType = text.xcconfig; name = "Pods-Todoey.debug.xcconfig"; path = "Pods/Target Support Files/Pods-Todoey/Pods-Todoey.debug.xcconfig"; sourceTree = "<group>"; };
		A81A734C6FACBE33BBCBA3D4 /* Pods-Todoey.release.xcconfig */ = {isa = PBXFileReference; includeInIndex = 1; lastKnownFileType = text.xcconfig; name = "Pods-Todoey.release.xcconfig"; path = "Pods/Target Support Files/Pods-Todoey/Pods-Todoey.release.xcconfig"; sourceTree = "<group>"; };
/* End PBXFileReference section */

/* Begin PBXFrameworksBuildPhase section */
		1EC63C2E20306B4300514D0E /* Frameworks */ = {
			isa = PBXFrameworksBuildPhase;
			buildActionMask = 2147483647;
			files = (
				8D60F14C27AD99EDFC7A9093 /* Pods_Todoey.framework in Frameworks */,
			);
			runOnlyForDeploymentPostprocessing = 0;
		};
/* End PBXFrameworksBuildPhase section */

/* Begin PBXGroup section */
		1E7B5CD6203438D6006502EF /* Data Model */ = {
			isa = PBXGroup;
			children = (
				1E8923A0203D762200D7CBD8 /* Category.swift */,
				1E8923A2203D764000D7CBD8 /* Item.swift */,
			);
			path = "Data Model";
			sourceTree = "<group>";
		};
		1E7B5CD920343918006502EF /* Controllers */ = {
			isa = PBXGroup;
			children = (
				1EC63C3620306B4300514D0E /* ToDoListViewController.swift */,
				1E7AD6512039A0CC00A23B89 /* CategoryViewController.swift */,
			);
			path = Controllers;
			sourceTree = "<group>";
		};
		1E7B5CDA2034392C006502EF /* View */ = {
			isa = PBXGroup;
			children = (
				1EC63C3820306B4300514D0E /* Main.storyboard */,
			);
			path = View;
			sourceTree = "<group>";
		};
		1E7B5CDB20343B7A006502EF /* Supporting Files */ = {
			isa = PBXGroup;
			children = (
				1EC63C3D20306B4300514D0E /* LaunchScreen.storyboard */,
				1EC63C3B20306B4300514D0E /* Assets.xcassets */,
			);
			path = "Supporting Files";
			sourceTree = "<group>";
		};
		1EC63C2820306B4300514D0E = {
			isa = PBXGroup;
			children = (
				1EC63C3320306B4300514D0E /* Todoey */,
				1EC63C3220306B4300514D0E /* Products */,
				734DB95CC8A867EEAD6D3A3D /* Pods */,
				F74C8E2D5ACE0B1391B65956 /* Frameworks */,
			);
			sourceTree = "<group>";
		};
		1EC63C3220306B4300514D0E /* Products */ = {
			isa = PBXGroup;
			children = (
				1EC63C3120306B4300514D0E /* Todoey.app */,
			);
			name = Products;
			sourceTree = "<group>";
		};
		1EC63C3320306B4300514D0E /* Todoey */ = {
			isa = PBXGroup;
			children = (
				1EC63C3420306B4300514D0E /* AppDelegate.swift */,
				1E7B5CD6203438D6006502EF /* Data Model */,
				1E7B5CDA2034392C006502EF /* View */,
				1E7B5CD920343918006502EF /* Controllers */,
				1E7B5CDB20343B7A006502EF /* Supporting Files */,
				1EC63C4020306B4300514D0E /* Info.plist */,
			);
			path = Todoey;
			sourceTree = "<group>";
		};
		734DB95CC8A867EEAD6D3A3D /* Pods */ = {
			isa = PBXGroup;
			children = (
				638C1FAF3C0D1D2C6F895D52 /* Pods-Todoey.debug.xcconfig */,
				A81A734C6FACBE33BBCBA3D4 /* Pods-Todoey.release.xcconfig */,
			);
			name = Pods;
			sourceTree = "<group>";
		};
		F74C8E2D5ACE0B1391B65956 /* Frameworks */ = {
			isa = PBXGroup;
			children = (
				10DF73A755C72B2C6C161DCF /* Pods_Todoey.framework */,
			);
			name = Frameworks;
			sourceTree = "<group>";
		};
/* End PBXGroup section */

/* Begin PBXNativeTarget section */
		1EC63C3020306B4300514D0E /* Todoey */ = {
			isa = PBXNativeTarget;
			buildConfigurationList = 1EC63C4320306B4300514D0E /* Build configuration list for PBXNativeTarget "Todoey" */;
			buildPhases = (
				B6ACF289346DEFA5BBBB73E8 /* [CP] Check Pods Manifest.lock */,
				1EC63C2D20306B4300514D0E /* Sources */,
				1EC63C2E20306B4300514D0E /* Frameworks */,
				1EC63C2F20306B4300514D0E /* Resources */,
				B39A4D2E1288521806460CDD /* [CP] Embed Pods Frameworks */,
				E92A2A87F2C520A5183F6517 /* [CP] Copy Pods Resources */,
			);
			buildRules = (
			);
			dependencies = (
			);
			name = Todoey;
			productName = Todoey;
			productReference = 1EC63C3120306B4300514D0E /* Todoey.app */;
			productType = "com.apple.product-type.application";
		};
/* End PBXNativeTarget section */

/* Begin PBXProject section */
		1EC63C2920306B4300514D0E /* Project object */ = {
			isa = PBXProject;
			attributes = {
				LastSwiftUpdateCheck = 0920;
				LastUpgradeCheck = 0920;
				ORGANIZATIONNAME = "Vice Priborkin";
				TargetAttributes = {
					1EC63C3020306B4300514D0E = {
						CreatedOnToolsVersion = 9.2;
						ProvisioningStyle = Automatic;
					};
				};
			};
			buildConfigurationList = 1EC63C2C20306B4300514D0E /* Build configuration list for PBXProject "Todoey" */;
			compatibilityVersion = "Xcode 8.0";
			developmentRegion = en;
			hasScannedForEncodings = 0;
			knownRegions = (
				en,
				Base,
			);
			mainGroup = 1EC63C2820306B4300514D0E;
			productRefGroup = 1EC63C3220306B4300514D0E /* Products */;
			projectDirPath = "";
			projectRoot = "";
			targets = (
				1EC63C3020306B4300514D0E /* Todoey */,
			);
		};
/* End PBXProject section */

/* Begin PBXResourcesBuildPhase section */
		1EC63C2F20306B4300514D0E /* Resources */ = {
			isa = PBXResourcesBuildPhase;
			buildActionMask = 2147483647;
			files = (
				1EC63C3F20306B4300514D0E /* LaunchScreen.storyboard in Resources */,
				1EC63C3C20306B4300514D0E /* Assets.xcassets in Resources */,
				1EC63C3A20306B4300514D0E /* Main.storyboard in Resources */,
			);
			runOnlyForDeploymentPostprocessing = 0;
		};
/* End PBXResourcesBuildPhase section */

/* Begin PBXShellScriptBuildPhase section */
		B39A4D2E1288521806460CDD /* [CP] Embed Pods Frameworks */ = {
			isa = PBXShellScriptBuildPhase;
			buildActionMask = 2147483647;
			files = (
			);
			inputPaths = (
				"${SRCROOT}/Pods/Target Support Files/Pods-Todoey/Pods-Todoey-frameworks.sh",
				"${BUILT_PRODUCTS_DIR}/Realm/Realm.framework",
				"${BUILT_PRODUCTS_DIR}/RealmSwift/RealmSwift.framework",
			);
			name = "[CP] Embed Pods Frameworks";
			outputPaths = (
				"${TARGET_BUILD_DIR}/${FRAMEWORKS_FOLDER_PATH}/Realm.framework",
				"${TARGET_BUILD_DIR}/${FRAMEWORKS_FOLDER_PATH}/RealmSwift.framework",
			);
			runOnlyForDeploymentPostprocessing = 0;
			shellPath = /bin/sh;
			shellScript = "\"${SRCROOT}/Pods/Target Support Files/Pods-Todoey/Pods-Todoey-frameworks.sh\"\n";
			showEnvVarsInLog = 0;
		};
		B6ACF289346DEFA5BBBB73E8 /* [CP] Check Pods Manifest.lock */ = {
			isa = PBXShellScriptBuildPhase;
			buildActionMask = 2147483647;
			files = (
			);
			inputPaths = (
				"${PODS_PODFILE_DIR_PATH}/Podfile.lock",
				"${PODS_ROOT}/Manifest.lock",
			);
			name = "[CP] Check Pods Manifest.lock";
			outputPaths = (
				"$(DERIVED_FILE_DIR)/Pods-Todoey-checkManifestLockResult.txt",
			);
			runOnlyForDeploymentPostprocessing = 0;
			shellPath = /bin/sh;
			shellScript = "diff \"${PODS_PODFILE_DIR_PATH}/Podfile.lock\" \"${PODS_ROOT}/Manifest.lock\" > /dev/null\nif [ $? != 0 ] ; then\n    # print error to STDERR\n    echo \"error: The sandbox is not in sync with the Podfile.lock. Run 'pod install' or update your CocoaPods installation.\" >&2\n    exit 1\nfi\n# This output is used by Xcode 'outputs' to avoid re-running this script phase.\necho \"SUCCESS\" > \"${SCRIPT_OUTPUT_FILE_0}\"\n";
			showEnvVarsInLog = 0;
		};
		E92A2A87F2C520A5183F6517 /* [CP] Copy Pods Resources */ = {
			isa = PBXShellScriptBuildPhase;
			buildActionMask = 2147483647;
			files = (
			);
			inputPaths = (
			);
			name = "[CP] Copy Pods Resources";
			outputPaths = (
			);
			runOnlyForDeploymentPostprocessing = 0;
			shellPath = /bin/sh;
			shellScript = "\"${SRCROOT}/Pods/Target Support Files/Pods-Todoey/Pods-Todoey-resources.sh\"\n";
			showEnvVarsInLog = 0;
		};
/* End PBXShellScriptBuildPhase section */

/* Begin PBXSourcesBuildPhase section */
		1EC63C2D20306B4300514D0E /* Sources */ = {
			isa = PBXSourcesBuildPhase;
			buildActionMask = 2147483647;
			files = (
				1E7AD6522039A0CC00A23B89 /* CategoryViewController.swift in Sources */,
				1E8923A1203D762200D7CBD8 /* Category.swift in Sources */,
				1EC63C3720306B4300514D0E /* ToDoListViewController.swift in Sources */,
				1E8923A3203D764000D7CBD8 /* Item.swift in Sources */,
				1EC63C3520306B4300514D0E /* AppDelegate.swift in Sources */,
			);
			runOnlyForDeploymentPostprocessing = 0;
		};
/* End PBXSourcesBuildPhase section */

/* Begin PBXVariantGroup section */
		1EC63C3820306B4300514D0E /* Main.storyboard */ = {
			isa = PBXVariantGroup;
			children = (
				1EC63C3920306B4300514D0E /* Base */,
			);
			name = Main.storyboard;
			sourceTree = "<group>";
		};
		1EC63C3D20306B4300514D0E /* LaunchScreen.storyboard */ = {
			isa = PBXVariantGroup;
			children = (
				1EC63C3E20306B4300514D0E /* Base */,
			);
			name = LaunchScreen.storyboard;
			sourceTree = "<group>";
		};
/* End PBXVariantGroup section */

/* Begin XCBuildConfiguration section */
		1EC63C4120306B4300514D0E /* Debug */ = {
			isa = XCBuildConfiguration;
			buildSettings = {
				ALWAYS_SEARCH_USER_PATHS = NO;
				CLANG_ANALYZER_NONNULL = YES;
				CLANG_ANALYZER_NUMBER_OBJECT_CONVERSION = YES_AGGRESSIVE;
				CLANG_CXX_LANGUAGE_STANDARD = "gnu++14";
				CLANG_CXX_LIBRARY = "libc++";
				CLANG_ENABLE_MODULES = YES;
				CLANG_ENABLE_OBJC_ARC = YES;
				CLANG_WARN_BLOCK_CAPTURE_AUTORELEASING = YES;
				CLANG_WARN_BOOL_CONVERSION = YES;
				CLANG_WARN_COMMA = YES;
				CLANG_WARN_CONSTANT_CONVERSION = YES;
				CLANG_WARN_DIRECT_OBJC_ISA_USAGE = YES_ERROR;
				CLANG_WARN_DOCUMENTATION_COMMENTS = YES;
				CLANG_WARN_EMPTY_BODY = YES;
				CLANG_WARN_ENUM_CONVERSION = YES;
				CLANG_WARN_INFINITE_RECURSION = YES;
				CLANG_WARN_INT_CONVERSION = YES;
				CLANG_WARN_NON_LITERAL_NULL_CONVERSION = YES;
				CLANG_WARN_OBJC_LITERAL_CONVERSION = YES;
				CLANG_WARN_OBJC_ROOT_CLASS = YES_ERROR;
				CLANG_WARN_RANGE_LOOP_ANALYSIS = YES;
				CLANG_WARN_STRICT_PROTOTYPES = YES;
				CLANG_WARN_SUSPICIOUS_MOVE = YES;
				CLANG_WARN_UNGUARDED_AVAILABILITY = YES_AGGRESSIVE;
				CLANG_WARN_UNREACHABLE_CODE = YES;
				CLANG_WARN__DUPLICATE_METHOD_MATCH = YES;
				CODE_SIGN_IDENTITY = "iPhone Developer";
				COPY_PHASE_STRIP = NO;
				DEBUG_INFORMATION_FORMAT = dwarf;
				ENABLE_STRICT_OBJC_MSGSEND = YES;
				ENABLE_TESTABILITY = YES;
				GCC_C_LANGUAGE_STANDARD = gnu11;
				GCC_DYNAMIC_NO_PIC = NO;
				GCC_NO_COMMON_BLOCKS = YES;
				GCC_OPTIMIZATION_LEVEL = 0;
				GCC_PREPROCESSOR_DEFINITIONS = (
					"DEBUG=1",
					"$(inherited)",
				);
				GCC_WARN_64_TO_32_BIT_CONVERSION = YES;
				GCC_WARN_ABOUT_RETURN_TYPE = YES_ERROR;
				GCC_WARN_UNDECLARED_SELECTOR = YES;
				GCC_WARN_UNINITIALIZED_AUTOS = YES_AGGRESSIVE;
				GCC_WARN_UNUSED_FUNCTION = YES;
				GCC_WARN_UNUSED_VARIABLE = YES;
				IPHONEOS_DEPLOYMENT_TARGET = 11.2;
				MTL_ENABLE_DEBUG_INFO = YES;
				ONLY_ACTIVE_ARCH = YES;
				SDKROOT = iphoneos;
				SWIFT_ACTIVE_COMPILATION_CONDITIONS = DEBUG;
				SWIFT_OPTIMIZATION_LEVEL = "-Onone";
			};
			name = Debug;
		};
		1EC63C4220306B4300514D0E /* Release */ = {
			isa = XCBuildConfiguration;
			buildSettings = {
				ALWAYS_SEARCH_USER_PATHS = NO;
				CLANG_ANALYZER_NONNULL = YES;
				CLANG_ANALYZER_NUMBER_OBJECT_CONVERSION = YES_AGGRESSIVE;
				CLANG_CXX_LANGUAGE_STANDARD = "gnu++14";
				CLANG_CXX_LIBRARY = "libc++";
				CLANG_ENABLE_MODULES = YES;
				CLANG_ENABLE_OBJC_ARC = YES;
				CLANG_WARN_BLOCK_CAPTURE_AUTORELEASING = YES;
				CLANG_WARN_BOOL_CONVERSION = YES;
				CLANG_WARN_COMMA = YES;
				CLANG_WARN_CONSTANT_CONVERSION = YES;
				CLANG_WARN_DIRECT_OBJC_ISA_USAGE = YES_ERROR;
				CLANG_WARN_DOCUMENTATION_COMMENTS = YES;
				CLANG_WARN_EMPTY_BODY = YES;
				CLANG_WARN_ENUM_CONVERSION = YES;
				CLANG_WARN_INFINITE_RECURSION = YES;
				CLANG_WARN_INT_CONVERSION = YES;
				CLANG_WARN_NON_LITERAL_NULL_CONVERSION = YES;
				CLANG_WARN_OBJC_LITERAL_CONVERSION = YES;
				CLANG_WARN_OBJC_ROOT_CLASS = YES_ERROR;
				CLANG_WARN_RANGE_LOOP_ANALYSIS = YES;
				CLANG_WARN_STRICT_PROTOTYPES = YES;
				CLANG_WARN_SUSPICIOUS_MOVE = YES;
				CLANG_WARN_UNGUARDED_AVAILABILITY = YES_AGGRESSIVE;
				CLANG_WARN_UNREACHABLE_CODE = YES;
				CLANG_WARN__DUPLICATE_METHOD_MATCH = YES;
				CODE_SIGN_IDENTITY = "iPhone Developer";
				COPY_PHASE_STRIP = NO;
				DEBUG_INFORMATION_FORMAT = "dwarf-with-dsym";
				ENABLE_NS_ASSERTIONS = NO;
				ENABLE_STRICT_OBJC_MSGSEND = YES;
				GCC_C_LANGUAGE_STANDARD = gnu11;
				GCC_NO_COMMON_BLOCKS = YES;
				GCC_WARN_64_TO_32_BIT_CONVERSION = YES;
				GCC_WARN_ABOUT_RETURN_TYPE = YES_ERROR;
				GCC_WARN_UNDECLARED_SELECTOR = YES;
				GCC_WARN_UNINITIALIZED_AUTOS = YES_AGGRESSIVE;
				GCC_WARN_UNUSED_FUNCTION = YES;
				GCC_WARN_UNUSED_VARIABLE = YES;
				IPHONEOS_DEPLOYMENT_TARGET = 11.2;
				MTL_ENABLE_DEBUG_INFO = NO;
				SDKROOT = iphoneos;
				SWIFT_OPTIMIZATION_LEVEL = "-Owholemodule";
				VALIDATE_PRODUCT = YES;
			};
			name = Release;
		};
		1EC63C4420306B4300514D0E /* Debug */ = {
			isa = XCBuildConfiguration;
			baseConfigurationReference = 638C1FAF3C0D1D2C6F895D52 /* Pods-Todoey.debug.xcconfig */;
			buildSettings = {
				ASSETCATALOG_COMPILER_APPICON_NAME = AppIcon;
				CODE_SIGN_STYLE = Automatic;
				INFOPLIST_FILE = Todoey/Info.plist;
				LD_RUNPATH_SEARCH_PATHS = "$(inherited) @executable_path/Frameworks";
				PRODUCT_BUNDLE_IDENTIFIER = private.dev.ViceP.Todoey;
				PRODUCT_NAME = "$(TARGET_NAME)";
				SWIFT_VERSION = 4.0;
				TARGETED_DEVICE_FAMILY = "1,2";
			};
			name = Debug;
		};
		1EC63C4520306B4300514D0E /* Release */ = {
			isa = XCBuildConfiguration;
			baseConfigurationReference = A81A734C6FACBE33BBCBA3D4 /* Pods-Todoey.release.xcconfig */;
			buildSettings = {
				ASSETCATALOG_COMPILER_APPICON_NAME = AppIcon;
				CODE_SIGN_STYLE = Automatic;
				INFOPLIST_FILE = Todoey/Info.plist;
				LD_RUNPATH_SEARCH_PATHS = "$(inherited) @executable_path/Frameworks";
				PRODUCT_BUNDLE_IDENTIFIER = private.dev.ViceP.Todoey;
				PRODUCT_NAME = "$(TARGET_NAME)";
				SWIFT_VERSION = 4.0;
				TARGETED_DEVICE_FAMILY = "1,2";
			};
			name = Release;
		};
/* End XCBuildConfiguration section */

/* Begin XCConfigurationList section */
		1EC63C2C20306B4300514D0E /* Build configuration list for PBXProject "Todoey" */ = {
			isa = XCConfigurationList;
			buildConfigurations = (
				1EC63C4120306B4300514D0E /* Debug */,
				1EC63C4220306B4300514D0E /* Release */,
			);
			defaultConfigurationIsVisible = 0;
			defaultConfigurationName = Release;
		};
		1EC63C4320306B4300514D0E /* Build configuration list for PBXNativeTarget "Todoey" */ = {
			isa = XCConfigurationList;
			buildConfigurations = (
				1EC63C4420306B4300514D0E /* Debug */,
				1EC63C4520306B4300514D0E /* Release */,
			);
			defaultConfigurationIsVisible = 0;
			defaultConfigurationName = Release;
		};
/* End XCConfigurationList section */
	};
	rootObject = 1EC63C2920306B4300514D0E /* Project object */;
}
